
Microsoft Visual Studio Solution File, Format Version 12.00
# Visual Studio Express 2013 for Web
VisualStudioVersion = 12.0.21005.1
MinimumVisualStudioVersion = 10.0.40219.1
Project("{FAE04EC0-301F-11D3-BF4B-00C04F79EFBC}") = "Outlook Parser", "Outlook Parser\Outlook Parser.csproj", "{46BF3AC1-70EA-415E-B048-50B543581D67}"
EndProject
Project("{FAE04EC0-301F-11D3-BF4B-00C04F79EFBC}") = "EmailVisualiser.ConsoleApp", "OutlookParserConsoleApp\EmailVisualiser.ConsoleApp.csproj", "{273C130B-E1CD-4BBE-BA17-EDEFEC6F40AA}"
EndProject
Project("{FAE04EC0-301F-11D3-BF4B-00C04F79EFBC}") = "EmailVisualiser.Core", "Email Visualiser.Core\EmailVisualiser.Core.csproj", "{B4B89D6E-DA52-4A34-A1B6-85E1E72F39DB}"
EndProject
Project("{FAE04EC0-301F-11D3-BF4B-00C04F79EFBC}") = "EmailVisualiser.Server", "EmailVisualiser.Server\EmailVisualiser.Server.csproj", "{17C2F374-D5CE-423D-9C08-2D01E24AAAE1}"
EndProject
Project("{FAE04EC0-301F-11D3-BF4B-00C04F79EFBC}") = "EmailVisualiser.WebApp", "EmailVisualiser.WebApp\EmailVisualiser.WebApp.csproj", "{B0E2922D-3490-4FF2-84A6-0EA416A844F7}"
EndProject
Global
	GlobalSection(SolutionConfigurationPlatforms) = preSolution
		Debug|Any CPU = Debug|Any CPU
		Release|Any CPU = Release|Any CPU
	EndGlobalSection
	GlobalSection(ProjectConfigurationPlatforms) = postSolution
		{46BF3AC1-70EA-415E-B048-50B543581D67}.Debug|Any CPU.ActiveCfg = Debug|Any CPU
		{46BF3AC1-70EA-415E-B048-50B543581D67}.Debug|Any CPU.Build.0 = Debug|Any CPU
		{46BF3AC1-70EA-415E-B048-50B543581D67}.Release|Any CPU.ActiveCfg = Release|Any CPU
		{46BF3AC1-70EA-415E-B048-50B543581D67}.Release|Any CPU.Build.0 = Release|Any CPU
		{273C130B-E1CD-4BBE-BA17-EDEFEC6F40AA}.Debug|Any CPU.ActiveCfg = Debug|Any CPU
		{273C130B-E1CD-4BBE-BA17-EDEFEC6F40AA}.Debug|Any CPU.Build.0 = Debug|Any CPU
		{273C130B-E1CD-4BBE-BA17-EDEFEC6F40AA}.Release|Any CPU.ActiveCfg = Release|Any CPU
		{273C130B-E1CD-4BBE-BA17-EDEFEC6F40AA}.Release|Any CPU.Build.0 = Release|Any CPU
		{B4B89D6E-DA52-4A34-A1B6-85E1E72F39DB}.Debug|Any CPU.ActiveCfg = Debug|Any CPU
		{B4B89D6E-DA52-4A34-A1B6-85E1E72F39DB}.Debug|Any CPU.Build.0 = Debug|Any CPU
		{B4B89D6E-DA52-4A34-A1B6-85E1E72F39DB}.Release|Any CPU.ActiveCfg = Release|Any CPU
		{B4B89D6E-DA52-4A34-A1B6-85E1E72F39DB}.Release|Any CPU.Build.0 = Release|Any CPU
		{17C2F374-D5CE-423D-9C08-2D01E24AAAE1}.Debug|Any CPU.ActiveCfg = Debug|Any CPU
		{17C2F374-D5CE-423D-9C08-2D01E24AAAE1}.Debug|Any CPU.Build.0 = Debug|Any CPU
		{17C2F374-D5CE-423D-9C08-2D01E24AAAE1}.Release|Any CPU.ActiveCfg = Release|Any CPU
		{17C2F374-D5CE-423D-9C08-2D01E24AAAE1}.Release|Any CPU.Build.0 = Release|Any CPU
		{B0E2922D-3490-4FF2-84A6-0EA416A844F7}.Debug|Any CPU.ActiveCfg = Debug|Any CPU
		{B0E2922D-3490-4FF2-84A6-0EA416A844F7}.Debug|Any CPU.Build.0 = Debug|Any CPU
		{B0E2922D-3490-4FF2-84A6-0EA416A844F7}.Release|Any CPU.ActiveCfg = Release|Any CPU
		{B0E2922D-3490-4FF2-84A6-0EA416A844F7}.Release|Any CPU.Build.0 = Release|Any CPU
	EndGlobalSection
	GlobalSection(SolutionProperties) = preSolution
		HideSolutionNode = FALSE
	EndGlobalSection
EndGlobal
